
Microsoft Visual Studio Solution File, Format Version 12.00
# Visual Studio 15
VisualStudioVersion = 15.0.28307.902
MinimumVisualStudioVersion = 10.0.40219.1
Project("{FAE04EC0-301F-11D3-BF4B-00C04F79EFBC}") = "filemanager", "filemanager\filemanager.csproj", "{62364EEC-7D13-4635-BA87-8067BABB08F9}"
EndProject
Global
	GlobalSection(SolutionConfigurationPlatforms) = preSolution
		Debug|Any CPU = Debug|Any CPU
		Release|Any CPU = Release|Any CPU
	EndGlobalSection
	GlobalSection(ProjectConfigurationPlatforms) = postSolution
		{62364EEC-7D13-4635-BA87-8067BABB08F9}.Debug|Any CPU.ActiveCfg = Debug|Any CPU
		{62364EEC-7D13-4635-BA87-8067BABB08F9}.Debug|Any CPU.Build.0 = Debug|Any CPU
		{62364EEC-7D13-4635-BA87-8067BABB08F9}.Release|Any CPU.ActiveCfg = Release|Any CPU
		{62364EEC-7D13-4635-BA87-8067BABB08F9}.Release|Any CPU.Build.0 = Release|Any CPU
	EndGlobalSection
	GlobalSection(SolutionProperties) = preSolution
		HideSolutionNode = FALSE
	EndGlobalSection
	GlobalSection(ExtensibilityGlobals) = postSolution
		SolutionGuid = {BC771F00-EC10-4F04-BF9B-C425D305E52E}
	EndGlobalSection
EndGlobal
